// !$*UTF8*$!
{
	archiveVersion = 1;
	classes = {
	};
	objectVersion = 50;
	objects = {

/* Begin PBXBuildFile section */
		B669FB7524F4521700D05AB2 /* viagens.json in Resources */ = {isa = PBXBuildFile; fileRef = B669FB7424F4521700D05AB2 /* viagens.json */; };
		B669FB7924F4540600D05AB2 /* Dados.swift in Sources */ = {isa = PBXBuildFile; fileRef = B669FB7824F4540600D05AB2 /* Dados.swift */; };
		B669FB7B24F4540B00D05AB2 /* Viagem.swift in Sources */ = {isa = PBXBuildFile; fileRef = B669FB7A24F4540B00D05AB2 /* Viagem.swift */; };
		B669FB7F24F4588100D05AB2 /* HeaderView.swift in Sources */ = {isa = PBXBuildFile; fileRef = B669FB7E24F4588100D05AB2 /* HeaderView.swift */; };
		B669FB8124F53D1600D05AB2 /* TravelCellView.swift in Sources */ = {isa = PBXBuildFile; fileRef = B669FB8024F53D1600D05AB2 /* TravelCellView.swift */; };
		B669FB8324F54CE100D05AB2 /* MapView.swift in Sources */ = {isa = PBXBuildFile; fileRef = B669FB8224F54CE100D05AB2 /* MapView.swift */; };
		B68A3CD524EEFBFB00027D33 /* AppDelegate.swift in Sources */ = {isa = PBXBuildFile; fileRef = B68A3CD424EEFBFB00027D33 /* AppDelegate.swift */; };
		B68A3CD724EEFBFB00027D33 /* SceneDelegate.swift in Sources */ = {isa = PBXBuildFile; fileRef = B68A3CD624EEFBFB00027D33 /* SceneDelegate.swift */; };
		B68A3CD924EEFBFB00027D33 /* ContentView.swift in Sources */ = {isa = PBXBuildFile; fileRef = B68A3CD824EEFBFB00027D33 /* ContentView.swift */; };
		B68A3CDB24EEFBFE00027D33 /* Assets.xcassets in Resources */ = {isa = PBXBuildFile; fileRef = B68A3CDA24EEFBFE00027D33 /* Assets.xcassets */; };
		B68A3CDE24EEFBFE00027D33 /* Preview Assets.xcassets in Resources */ = {isa = PBXBuildFile; fileRef = B68A3CDD24EEFBFE00027D33 /* Preview Assets.xcassets */; };
		B68A3CE124EEFBFE00027D33 /* LaunchScreen.storyboard in Resources */ = {isa = PBXBuildFile; fileRef = B68A3CDF24EEFBFE00027D33 /* LaunchScreen.storyboard */; };
/* End PBXBuildFile section */

/* Begin PBXFileReference section */
		B669FB7424F4521700D05AB2 /* viagens.json */ = {isa = PBXFileReference; fileEncoding = 4; lastKnownFileType = text.json; path = viagens.json; sourceTree = "<group>"; };
		B669FB7824F4540600D05AB2 /* Dados.swift */ = {isa = PBXFileReference; fileEncoding = 4; lastKnownFileType = sourcecode.swift; path = Dados.swift; sourceTree = "<group>"; };
		B669FB7A24F4540B00D05AB2 /* Viagem.swift */ = {isa = PBXFileReference; fileEncoding = 4; lastKnownFileType = sourcecode.swift; path = Viagem.swift; sourceTree = "<group>"; };
		B669FB7E24F4588100D05AB2 /* HeaderView.swift */ = {isa = PBXFileReference; lastKnownFileType = sourcecode.swift; path = HeaderView.swift; sourceTree = "<group>"; };
		B669FB8024F53D1600D05AB2 /* TravelCellView.swift */ = {isa = PBXFileReference; lastKnownFileType = sourcecode.swift; path = TravelCellView.swift; sourceTree = "<group>"; };
		B669FB8224F54CE100D05AB2 /* MapView.swift */ = {isa = PBXFileReference; lastKnownFileType = sourcecode.swift; path = MapView.swift; sourceTree = "<group>"; };
		B68A3CD124EEFBFB00027D33 /* Travels.app */ = {isa = PBXFileReference; explicitFileType = wrapper.application; includeInIndex = 0; path = Travels.app; sourceTree = BUILT_PRODUCTS_DIR; };
		B68A3CD424EEFBFB00027D33 /* AppDelegate.swift */ = {isa = PBXFileReference; lastKnownFileType = sourcecode.swift; path = AppDelegate.swift; sourceTree = "<group>"; };
		B68A3CD624EEFBFB00027D33 /* SceneDelegate.swift */ = {isa = PBXFileReference; lastKnownFileType = sourcecode.swift; path = SceneDelegate.swift; sourceTree = "<group>"; };
		B68A3CD824EEFBFB00027D33 /* ContentView.swift */ = {isa = PBXFileReference; lastKnownFileType = sourcecode.swift; path = ContentView.swift; sourceTree = "<group>"; };
		B68A3CDA24EEFBFE00027D33 /* Assets.xcassets */ = {isa = PBXFileReference; lastKnownFileType = folder.assetcatalog; path = Assets.xcassets; sourceTree = "<group>"; };
		B68A3CDD24EEFBFE00027D33 /* Preview Assets.xcassets */ = {isa = PBXFileReference; lastKnownFileType = folder.assetcatalog; path = "Preview Assets.xcassets"; sourceTree = "<group>"; };
		B68A3CE024EEFBFE00027D33 /* Base */ = {isa = PBXFileReference; lastKnownFileType = file.storyboard; name = Base; path = Base.lproj/LaunchScreen.storyboard; sourceTree = "<group>"; };
		B68A3CE224EEFBFE00027D33 /* Info.plist */ = {isa = PBXFileReference; lastKnownFileType = text.plist.xml; path = Info.plist; sourceTree = "<group>"; };
/* End PBXFileReference section */

/* Begin PBXFrameworksBuildPhase section */
		B68A3CCE24EEFBFB00027D33 /* Frameworks */ = {
			isa = PBXFrameworksBuildPhase;
			buildActionMask = 2147483647;
			files = (
			);
			runOnlyForDeploymentPostprocessing = 0;
		};
/* End PBXFrameworksBuildPhase section */

/* Begin PBXGroup section */
		B669FB7C24F4583000D05AB2 /* Model */ = {
			isa = PBXGroup;
			children = (
				B669FB7A24F4540B00D05AB2 /* Viagem.swift */,
				B669FB7824F4540600D05AB2 /* Dados.swift */,
			);
			path = Model;
			sourceTree = "<group>";
		};
		B669FB7D24F4583D00D05AB2 /* Views */ = {
			isa = PBXGroup;
			children = (
				B68A3CD824EEFBFB00027D33 /* ContentView.swift */,
				B669FB7E24F4588100D05AB2 /* HeaderView.swift */,
				B669FB8024F53D1600D05AB2 /* TravelCellView.swift */,
				B669FB8224F54CE100D05AB2 /* MapView.swift */,
			);
			path = Views;
			sourceTree = "<group>";
		};
		B68A3CC824EEFBFB00027D33 = {
			isa = PBXGroup;
			children = (
				B68A3CD324EEFBFB00027D33 /* Travels */,
				B68A3CD224EEFBFB00027D33 /* Products */,
			);
			sourceTree = "<group>";
		};
		B68A3CD224EEFBFB00027D33 /* Products */ = {
			isa = PBXGroup;
			children = (
				B68A3CD124EEFBFB00027D33 /* Travels.app */,
			);
			name = Products;
			sourceTree = "<group>";
		};
		B68A3CD324EEFBFB00027D33 /* Travels */ = {
			isa = PBXGroup;
			children = (
				B669FB7D24F4583D00D05AB2 /* Views */,
				B669FB7C24F4583000D05AB2 /* Model */,
				B669FB7424F4521700D05AB2 /* viagens.json */,
				B68A3CD424EEFBFB00027D33 /* AppDelegate.swift */,
				B68A3CD624EEFBFB00027D33 /* SceneDelegate.swift */,
				B68A3CDA24EEFBFE00027D33 /* Assets.xcassets */,
				B68A3CDF24EEFBFE00027D33 /* LaunchScreen.storyboard */,
				B68A3CE224EEFBFE00027D33 /* Info.plist */,
				B68A3CDC24EEFBFE00027D33 /* Preview Content */,
			);
			path = Travels;
			sourceTree = "<group>";
		};
		B68A3CDC24EEFBFE00027D33 /* Preview Content */ = {
			isa = PBXGroup;
			children = (
				B68A3CDD24EEFBFE00027D33 /* Preview Assets.xcassets */,
			);
			path = "Preview Content";
			sourceTree = "<group>";
		};
/* End PBXGroup section */

/* Begin PBXNativeTarget section */
		B68A3CD024EEFBFB00027D33 /* Travels */ = {
			isa = PBXNativeTarget;
			buildConfigurationList = B68A3CE524EEFBFE00027D33 /* Build configuration list for PBXNativeTarget "Travels" */;
			buildPhases = (
				B68A3CCD24EEFBFB00027D33 /* Sources */,
				B68A3CCE24EEFBFB00027D33 /* Frameworks */,
				B68A3CCF24EEFBFB00027D33 /* Resources */,
			);
			buildRules = (
			);
			dependencies = (
			);
			name = Travels;
			productName = Travels;
			productReference = B68A3CD124EEFBFB00027D33 /* Travels.app */;
			productType = "com.apple.product-type.application";
		};
/* End PBXNativeTarget section */

/* Begin PBXProject section */
		B68A3CC924EEFBFB00027D33 /* Project object */ = {
			isa = PBXProject;
			attributes = {
				LastSwiftUpdateCheck = 1160;
				LastUpgradeCheck = 1160;
				ORGANIZATIONNAME = rafaela;
				TargetAttributes = {
					B68A3CD024EEFBFB00027D33 = {
						CreatedOnToolsVersion = 11.6;
					};
				};
			};
			buildConfigurationList = B68A3CCC24EEFBFB00027D33 /* Build configuration list for PBXProject "Travels" */;
			compatibilityVersion = "Xcode 9.3";
			developmentRegion = en;
			hasScannedForEncodings = 0;
			knownRegions = (
				en,
				Base,
			);
			mainGroup = B68A3CC824EEFBFB00027D33;
			productRefGroup = B68A3CD224EEFBFB00027D33 /* Products */;
			projectDirPath = "";
			projectRoot = "";
			targets = (
				B68A3CD024EEFBFB00027D33 /* Travels */,
			);
		};
/* End PBXProject section */

/* Begin PBXResourcesBuildPhase section */
		B68A3CCF24EEFBFB00027D33 /* Resources */ = {
			isa = PBXResourcesBuildPhase;
			buildActionMask = 2147483647;
			files = (
				B68A3CE124EEFBFE00027D33 /* LaunchScreen.storyboard in Resources */,
				B669FB7524F4521700D05AB2 /* viagens.json in Resources */,
				B68A3CDE24EEFBFE00027D33 /* Preview Assets.xcassets in Resources */,
				B68A3CDB24EEFBFE00027D33 /* Assets.xcassets in Resources */,
			);
			runOnlyForDeploymentPostprocessing = 0;
		};
/* End PBXResourcesBuildPhase section */

/* Begin PBXSourcesBuildPhase section */
		B68A3CCD24EEFBFB00027D33 /* Sources */ = {
			isa = PBXSourcesBuildPhase;
			buildActionMask = 2147483647;
			files = (
				B68A3CD524EEFBFB00027D33 /* AppDelegate.swift in Sources */,
				B669FB8324F54CE100D05AB2 /* MapView.swift in Sources */,
				B669FB7F24F4588100D05AB2 /* HeaderView.swift in Sources */,
				B669FB8124F53D1600D05AB2 /* TravelCellView.swift in Sources */,
				B669FB7924F4540600D05AB2 /* Dados.swift in Sources */,
				B68A3CD724EEFBFB00027D33 /* SceneDelegate.swift in Sources */,
				B68A3CD924EEFBFB00027D33 /* ContentView.swift in Sources */,
				B669FB7B24F4540B00D05AB2 /* Viagem.swift in Sources */,
			);
			runOnlyForDeploymentPostprocessing = 0;
		};
/* End PBXSourcesBuildPhase section */

/* Begin PBXVariantGroup section */
		B68A3CDF24EEFBFE00027D33 /* LaunchScreen.storyboard */ = {
			isa = PBXVariantGroup;
			children = (
				B68A3CE024EEFBFE00027D33 /* Base */,
			);
			name = LaunchScreen.storyboard;
			sourceTree = "<group>";
		};
/* End PBXVariantGroup section */

/* Begin XCBuildConfiguration section */
		B68A3CE324EEFBFE00027D33 /* Debug */ = {
			isa = XCBuildConfiguration;
			buildSettings = {
				ALWAYS_SEARCH_USER_PATHS = NO;
				CLANG_ANALYZER_NONNULL = YES;
				CLANG_ANALYZER_NUMBER_OBJECT_CONVERSION = YES_AGGRESSIVE;
				CLANG_CXX_LANGUAGE_STANDARD = "gnu++14";
				CLANG_CXX_LIBRARY = "libc++";
				CLANG_ENABLE_MODULES = YES;
				CLANG_ENABLE_OBJC_ARC = YES;
				CLANG_ENABLE_OBJC_WEAK = YES;
				CLANG_WARN_BLOCK_CAPTURE_AUTORELEASING = YES;
				CLANG_WARN_BOOL_CONVERSION = YES;
				CLANG_WARN_COMMA = YES;
				CLANG_WARN_CONSTANT_CONVERSION = YES;
				CLANG_WARN_DEPRECATED_OBJC_IMPLEMENTATIONS = YES;
				CLANG_WARN_DIRECT_OBJC_ISA_USAGE = YES_ERROR;
				CLANG_WARN_DOCUMENTATION_COMMENTS = YES;
				CLANG_WARN_EMPTY_BODY = YES;
				CLANG_WARN_ENUM_CONVERSION = YES;
				CLANG_WARN_INFINITE_RECURSION = YES;
				CLANG_WARN_INT_CONVERSION = YES;
				CLANG_WARN_NON_LITERAL_NULL_CONVERSION = YES;
				CLANG_WARN_OBJC_IMPLICIT_RETAIN_SELF = YES;
				CLANG_WARN_OBJC_LITERAL_CONVERSION = YES;
				CLANG_WARN_OBJC_ROOT_CLASS = YES_ERROR;
				CLANG_WARN_RANGE_LOOP_ANALYSIS = YES;
				CLANG_WARN_STRICT_PROTOTYPES = YES;
				CLANG_WARN_SUSPICIOUS_MOVE = YES;
				CLANG_WARN_UNGUARDED_AVAILABILITY = YES_AGGRESSIVE;
				CLANG_WARN_UNREACHABLE_CODE = YES;
				CLANG_WARN__DUPLICATE_METHOD_MATCH = YES;
				COPY_PHASE_STRIP = NO;
				DEBUG_INFORMATION_FORMAT = dwarf;
				ENABLE_STRICT_OBJC_MSGSEND = YES;
				ENABLE_TESTABILITY = YES;
				GCC_C_LANGUAGE_STANDARD = gnu11;
				GCC_DYNAMIC_NO_PIC = NO;
				GCC_NO_COMMON_BLOCKS = YES;
				GCC_OPTIMIZATION_LEVEL = 0;
				GCC_PREPROCESSOR_DEFINITIONS = (
					"DEBUG=1",
					"$(inherited)",
				);
				GCC_WARN_64_TO_32_BIT_CONVERSION = YES;
				GCC_WARN_ABOUT_RETURN_TYPE = YES_ERROR;
				GCC_WARN_UNDECLARED_SELECTOR = YES;
				GCC_WARN_UNINITIALIZED_AUTOS = YES_AGGRESSIVE;
				GCC_WARN_UNUSED_FUNCTION = YES;
				GCC_WARN_UNUSED_VARIABLE = YES;
				IPHONEOS_DEPLOYMENT_TARGET = 13.6;
				MTL_ENABLE_DEBUG_INFO = INCLUDE_SOURCE;
				MTL_FAST_MATH = YES;
				ONLY_ACTIVE_ARCH = YES;
				SDKROOT = iphoneos;
				SWIFT_ACTIVE_COMPILATION_CONDITIONS = DEBUG;
				SWIFT_OPTIMIZATION_LEVEL = "-Onone";
			};
			name = Debug;
		};
		B68A3CE424EEFBFE00027D33 /* Release */ = {
			isa = XCBuildConfiguration;
			buildSettings = {
				ALWAYS_SEARCH_USER_PATHS = NO;
				CLANG_ANALYZER_NONNULL = YES;
				CLANG_ANALYZER_NUMBER_OBJECT_CONVERSION = YES_AGGRESSIVE;
				CLANG_CXX_LANGUAGE_STANDARD = "gnu++14";
				CLANG_CXX_LIBRARY = "libc++";
				CLANG_ENABLE_MODULES = YES;
				CLANG_ENABLE_OBJC_ARC = YES;
				CLANG_ENABLE_OBJC_WEAK = YES;
				CLANG_WARN_BLOCK_CAPTURE_AUTORELEASING = YES;
				CLANG_WARN_BOOL_CONVERSION = YES;
				CLANG_WARN_COMMA = YES;
				CLANG_WARN_CONSTANT_CONVERSION = YES;
				CLANG_WARN_DEPRECATED_OBJC_IMPLEMENTATIONS = YES;
				CLANG_WARN_DIRECT_OBJC_ISA_USAGE = YES_ERROR;
				CLANG_WARN_DOCUMENTATION_COMMENTS = YES;
				CLANG_WARN_EMPTY_BODY = YES;
				CLANG_WARN_ENUM_CONVERSION = YES;
				CLANG_WARN_INFINITE_RECURSION = YES;
				CLANG_WARN_INT_CONVERSION = YES;
				CLANG_WARN_NON_LITERAL_NULL_CONVERSION = YES;
				CLANG_WARN_OBJC_IMPLICIT_RETAIN_SELF = YES;
				CLANG_WARN_OBJC_LITERAL_CONVERSION = YES;
				CLANG_WARN_OBJC_ROOT_CLASS = YES_ERROR;
				CLANG_WARN_RANGE_LOOP_ANALYSIS = YES;
				CLANG_WARN_STRICT_PROTOTYPES = YES;
				CLANG_WARN_SUSPICIOUS_MOVE = YES;
				CLANG_WARN_UNGUARDED_AVAILABILITY = YES_AGGRESSIVE;
				CLANG_WARN_UNREACHABLE_CODE = YES;
				CLANG_WARN__DUPLICATE_METHOD_MATCH = YES;
				COPY_PHASE_STRIP = NO;
				DEBUG_INFORMATION_FORMAT = "dwarf-with-dsym";
				ENABLE_NS_ASSERTIONS = NO;
				ENABLE_STRICT_OBJC_MSGSEND = YES;
				GCC_C_LANGUAGE_STANDARD = gnu11;
				GCC_NO_COMMON_BLOCKS = YES;
				GCC_WARN_64_TO_32_BIT_CONVERSION = YES;
				GCC_WARN_ABOUT_RETURN_TYPE = YES_ERROR;
				GCC_WARN_UNDECLARED_SELECTOR = YES;
				GCC_WARN_UNINITIALIZED_AUTOS = YES_AGGRESSIVE;
				GCC_WARN_UNUSED_FUNCTION = YES;
				GCC_WARN_UNUSED_VARIABLE = YES;
				IPHONEOS_DEPLOYMENT_TARGET = 13.6;
				MTL_ENABLE_DEBUG_INFO = NO;
				MTL_FAST_MATH = YES;
				SDKROOT = iphoneos;
				SWIFT_COMPILATION_MODE = wholemodule;
				SWIFT_OPTIMIZATION_LEVEL = "-O";
				VALIDATE_PRODUCT = YES;
			};
			name = Release;
		};
		B68A3CE624EEFBFE00027D33 /* Debug */ = {
			isa = XCBuildConfiguration;
			buildSettings = {
				ASSETCATALOG_COMPILER_APPICON_NAME = AppIcon;
				CODE_SIGN_IDENTITY = "Apple Development";
				CODE_SIGN_STYLE = Automatic;
				DEVELOPMENT_ASSET_PATHS = "\"Travels/Preview Content\"";
				DEVELOPMENT_TEAM = M7RA8WRB32;
				ENABLE_PREVIEWS = YES;
				INFOPLIST_FILE = Travels/Info.plist;
				LD_RUNPATH_SEARCH_PATHS = (
					"$(inherited)",
					"@executable_path/Frameworks",
				);
				PRODUCT_BUNDLE_IDENTIFIER = com.rafaela.Travels;
				PRODUCT_NAME = "$(TARGET_NAME)";
				PROVISIONING_PROFILE_SPECIFIER = "";
				SWIFT_VERSION = 5.0;
				TARGETED_DEVICE_FAMILY = "1,2";
			};
			name = Debug;
		};
		B68A3CE724EEFBFE00027D33 /* Release */ = {
			isa = XCBuildConfiguration;
			buildSettings = {
				ASSETCATALOG_COMPILER_APPICON_NAME = AppIcon;
				CODE_SIGN_IDENTITY = "Apple Development";
				CODE_SIGN_STYLE = Automatic;
				DEVELOPMENT_ASSET_PATHS = "\"Travels/Preview Content\"";
				DEVELOPMENT_TEAM = M7RA8WRB32;
				ENABLE_PREVIEWS = YES;
				INFOPLIST_FILE = Travels/Info.plist;
				LD_RUNPATH_SEARCH_PATHS = (
					"$(inherited)",
					"@executable_path/Frameworks",
				);
				PRODUCT_BUNDLE_IDENTIFIER = com.rafaela.Travels;
				PRODUCT_NAME = "$(TARGET_NAME)";
				PROVISIONING_PROFILE_SPECIFIER = "";
				SWIFT_VERSION = 5.0;
				TARGETED_DEVICE_FAMILY = "1,2";
			};
			name = Release;
		};
/* End XCBuildConfiguration section */

/* Begin XCConfigurationList section */
		B68A3CCC24EEFBFB00027D33 /* Build configuration list for PBXProject "Travels" */ = {
			isa = XCConfigurationList;
			buildConfigurations = (
				B68A3CE324EEFBFE00027D33 /* Debug */,
				B68A3CE424EEFBFE00027D33 /* Release */,
			);
			defaultConfigurationIsVisible = 0;
			defaultConfigurationName = Release;
		};
		B68A3CE524EEFBFE00027D33 /* Build configuration list for PBXNativeTarget "Travels" */ = {
			isa = XCConfigurationList;
			buildConfigurations = (
				B68A3CE624EEFBFE00027D33 /* Debug */,
				B68A3CE724EEFBFE00027D33 /* Release */,
			);
			defaultConfigurationIsVisible = 0;
			defaultConfigurationName = Release;
		};
/* End XCConfigurationList section */
	};
	rootObject = B68A3CC924EEFBFB00027D33 /* Project object */;
}
